
Microsoft Visual Studio Solution File, Format Version 12.00
# Visual Studio Version 16
VisualStudioVersion = 16.0.29709.97
MinimumVisualStudioVersion = 15.0.26124.0
Project("{9A19103F-16F7-4668-BE54-9A1E7A4F7556}") = "Domain", "Domain\Domain.csproj", "{C52609C9-FEF0-4CF6-AA46-42705901FF5C}"
EndProject
Project("{9A19103F-16F7-4668-BE54-9A1E7A4F7556}") = "Persistence", "Persistence\Persistence.csproj", "{57997729-2CC8-498A-BCC9-D8E1FE4BFFB6}"
EndProject
Project("{9A19103F-16F7-4668-BE54-9A1E7A4F7556}") = "Application", "Application\Application.csproj", "{CD39E879-64A2-46E3-BFA5-8FD9F91A4C79}"
EndProject
Project("{9A19103F-16F7-4668-BE54-9A1E7A4F7556}") = "API", "API\API.csproj", "{E9EE1A25-DC9F-4AEC-A15A-5AF01FE3034A}"
EndProject
Project("{9A19103F-16F7-4668-BE54-9A1E7A4F7556}") = "PortfolioAnalyzer.Alphavantage", "PortfolioAnalyzer.Alphavantage\PortfolioAnalyzer.Alphavantage.csproj", "{1158C62D-602D-4E13-9C20-60473C9B03CE}"
EndProject
Project("{9A19103F-16F7-4668-BE54-9A1E7A4F7556}") = "PortfolioAnalyzer.FinanancialModelingPrep", "PortfolioAnalyzer.FinanancialModelingPrep\PortfolioAnalyzer.FinanancialModelingPrep.csproj", "{B0FEEA1C-C416-4712-A0E9-1B9157BCF92C}"
EndProject
Global
	GlobalSection(SolutionConfigurationPlatforms) = preSolution
		Debug|Any CPU = Debug|Any CPU
		Debug|x64 = Debug|x64
		Debug|x86 = Debug|x86
		Release|Any CPU = Release|Any CPU
		Release|x64 = Release|x64
		Release|x86 = Release|x86
	EndGlobalSection
	GlobalSection(ProjectConfigurationPlatforms) = postSolution
		{C52609C9-FEF0-4CF6-AA46-42705901FF5C}.Debug|Any CPU.ActiveCfg = Debug|Any CPU
		{C52609C9-FEF0-4CF6-AA46-42705901FF5C}.Debug|Any CPU.Build.0 = Debug|Any CPU
		{C52609C9-FEF0-4CF6-AA46-42705901FF5C}.Debug|x64.ActiveCfg = Debug|Any CPU
		{C52609C9-FEF0-4CF6-AA46-42705901FF5C}.Debug|x64.Build.0 = Debug|Any CPU
		{C52609C9-FEF0-4CF6-AA46-42705901FF5C}.Debug|x86.ActiveCfg = Debug|Any CPU
		{C52609C9-FEF0-4CF6-AA46-42705901FF5C}.Debug|x86.Build.0 = Debug|Any CPU
		{C52609C9-FEF0-4CF6-AA46-42705901FF5C}.Release|Any CPU.ActiveCfg = Release|Any CPU
		{C52609C9-FEF0-4CF6-AA46-42705901FF5C}.Release|Any CPU.Build.0 = Release|Any CPU
		{C52609C9-FEF0-4CF6-AA46-42705901FF5C}.Release|x64.ActiveCfg = Release|Any CPU
		{C52609C9-FEF0-4CF6-AA46-42705901FF5C}.Release|x64.Build.0 = Release|Any CPU
		{C52609C9-FEF0-4CF6-AA46-42705901FF5C}.Release|x86.ActiveCfg = Release|Any CPU
		{C52609C9-FEF0-4CF6-AA46-42705901FF5C}.Release|x86.Build.0 = Release|Any CPU
		{57997729-2CC8-498A-BCC9-D8E1FE4BFFB6}.Debug|Any CPU.ActiveCfg = Debug|Any CPU
		{57997729-2CC8-498A-BCC9-D8E1FE4BFFB6}.Debug|Any CPU.Build.0 = Debug|Any CPU
		{57997729-2CC8-498A-BCC9-D8E1FE4BFFB6}.Debug|x64.ActiveCfg = Debug|Any CPU
		{57997729-2CC8-498A-BCC9-D8E1FE4BFFB6}.Debug|x64.Build.0 = Debug|Any CPU
		{57997729-2CC8-498A-BCC9-D8E1FE4BFFB6}.Debug|x86.ActiveCfg = Debug|Any CPU
		{57997729-2CC8-498A-BCC9-D8E1FE4BFFB6}.Debug|x86.Build.0 = Debug|Any CPU
		{57997729-2CC8-498A-BCC9-D8E1FE4BFFB6}.Release|Any CPU.ActiveCfg = Release|Any CPU
		{57997729-2CC8-498A-BCC9-D8E1FE4BFFB6}.Release|Any CPU.Build.0 = Release|Any CPU
		{57997729-2CC8-498A-BCC9-D8E1FE4BFFB6}.Release|x64.ActiveCfg = Release|Any CPU
		{57997729-2CC8-498A-BCC9-D8E1FE4BFFB6}.Release|x64.Build.0 = Release|Any CPU
		{57997729-2CC8-498A-BCC9-D8E1FE4BFFB6}.Release|x86.ActiveCfg = Release|Any CPU
		{57997729-2CC8-498A-BCC9-D8E1FE4BFFB6}.Release|x86.Build.0 = Release|Any CPU
		{CD39E879-64A2-46E3-BFA5-8FD9F91A4C79}.Debug|Any CPU.ActiveCfg = Debug|Any CPU
		{CD39E879-64A2-46E3-BFA5-8FD9F91A4C79}.Debug|Any CPU.Build.0 = Debug|Any CPU
		{CD39E879-64A2-46E3-BFA5-8FD9F91A4C79}.Debug|x64.ActiveCfg = Debug|Any CPU
		{CD39E879-64A2-46E3-BFA5-8FD9F91A4C79}.Debug|x64.Build.0 = Debug|Any CPU
		{CD39E879-64A2-46E3-BFA5-8FD9F91A4C79}.Debug|x86.ActiveCfg = Debug|Any CPU
		{CD39E879-64A2-46E3-BFA5-8FD9F91A4C79}.Debug|x86.Build.0 = Debug|Any CPU
		{CD39E879-64A2-46E3-BFA5-8FD9F91A4C79}.Release|Any CPU.ActiveCfg = Release|Any CPU
		{CD39E879-64A2-46E3-BFA5-8FD9F91A4C79}.Release|Any CPU.Build.0 = Release|Any CPU
		{CD39E879-64A2-46E3-BFA5-8FD9F91A4C79}.Release|x64.ActiveCfg = Release|Any CPU
		{CD39E879-64A2-46E3-BFA5-8FD9F91A4C79}.Release|x64.Build.0 = Release|Any CPU
		{CD39E879-64A2-46E3-BFA5-8FD9F91A4C79}.Release|x86.ActiveCfg = Release|Any CPU
		{CD39E879-64A2-46E3-BFA5-8FD9F91A4C79}.Release|x86.Build.0 = Release|Any CPU
		{E9EE1A25-DC9F-4AEC-A15A-5AF01FE3034A}.Debug|Any CPU.ActiveCfg = Debug|Any CPU
		{E9EE1A25-DC9F-4AEC-A15A-5AF01FE3034A}.Debug|Any CPU.Build.0 = Debug|Any CPU
		{E9EE1A25-DC9F-4AEC-A15A-5AF01FE3034A}.Debug|x64.ActiveCfg = Debug|Any CPU
		{E9EE1A25-DC9F-4AEC-A15A-5AF01FE3034A}.Debug|x64.Build.0 = Debug|Any CPU
		{E9EE1A25-DC9F-4AEC-A15A-5AF01FE3034A}.Debug|x86.ActiveCfg = Debug|Any CPU
		{E9EE1A25-DC9F-4AEC-A15A-5AF01FE3034A}.Debug|x86.Build.0 = Debug|Any CPU
		{E9EE1A25-DC9F-4AEC-A15A-5AF01FE3034A}.Release|Any CPU.ActiveCfg = Release|Any CPU
		{E9EE1A25-DC9F-4AEC-A15A-5AF01FE3034A}.Release|Any CPU.Build.0 = Release|Any CPU
		{E9EE1A25-DC9F-4AEC-A15A-5AF01FE3034A}.Release|x64.ActiveCfg = Release|Any CPU
		{E9EE1A25-DC9F-4AEC-A15A-5AF01FE3034A}.Release|x64.Build.0 = Release|Any CPU
		{E9EE1A25-DC9F-4AEC-A15A-5AF01FE3034A}.Release|x86.ActiveCfg = Release|Any CPU
		{E9EE1A25-DC9F-4AEC-A15A-5AF01FE3034A}.Release|x86.Build.0 = Release|Any CPU
		{1158C62D-602D-4E13-9C20-60473C9B03CE}.Debug|Any CPU.ActiveCfg = Debug|Any CPU
		{1158C62D-602D-4E13-9C20-60473C9B03CE}.Debug|Any CPU.Build.0 = Debug|Any CPU
		{1158C62D-602D-4E13-9C20-60473C9B03CE}.Debug|x64.ActiveCfg = Debug|Any CPU
		{1158C62D-602D-4E13-9C20-60473C9B03CE}.Debug|x64.Build.0 = Debug|Any CPU
		{1158C62D-602D-4E13-9C20-60473C9B03CE}.Debug|x86.ActiveCfg = Debug|Any CPU
		{1158C62D-602D-4E13-9C20-60473C9B03CE}.Debug|x86.Build.0 = Debug|Any CPU
		{1158C62D-602D-4E13-9C20-60473C9B03CE}.Release|Any CPU.ActiveCfg = Release|Any CPU
		{1158C62D-602D-4E13-9C20-60473C9B03CE}.Release|Any CPU.Build.0 = Release|Any CPU
		{1158C62D-602D-4E13-9C20-60473C9B03CE}.Release|x64.ActiveCfg = Release|Any CPU
		{1158C62D-602D-4E13-9C20-60473C9B03CE}.Release|x64.Build.0 = Release|Any CPU
		{1158C62D-602D-4E13-9C20-60473C9B03CE}.Release|x86.ActiveCfg = Release|Any CPU
		{1158C62D-602D-4E13-9C20-60473C9B03CE}.Release|x86.Build.0 = Release|Any CPU
		{B0FEEA1C-C416-4712-A0E9-1B9157BCF92C}.Debug|Any CPU.ActiveCfg = Debug|Any CPU
		{B0FEEA1C-C416-4712-A0E9-1B9157BCF92C}.Debug|Any CPU.Build.0 = Debug|Any CPU
		{B0FEEA1C-C416-4712-A0E9-1B9157BCF92C}.Debug|x64.ActiveCfg = Debug|Any CPU
		{B0FEEA1C-C416-4712-A0E9-1B9157BCF92C}.Debug|x64.Build.0 = Debug|Any CPU
		{B0FEEA1C-C416-4712-A0E9-1B9157BCF92C}.Debug|x86.ActiveCfg = Debug|Any CPU
		{B0FEEA1C-C416-4712-A0E9-1B9157BCF92C}.Debug|x86.Build.0 = Debug|Any CPU
		{B0FEEA1C-C416-4712-A0E9-1B9157BCF92C}.Release|Any CPU.ActiveCfg = Release|Any CPU
		{B0FEEA1C-C416-4712-A0E9-1B9157BCF92C}.Release|Any CPU.Build.0 = Release|Any CPU
		{B0FEEA1C-C416-4712-A0E9-1B9157BCF92C}.Release|x64.ActiveCfg = Release|Any CPU
		{B0FEEA1C-C416-4712-A0E9-1B9157BCF92C}.Release|x64.Build.0 = Release|Any CPU
		{B0FEEA1C-C416-4712-A0E9-1B9157BCF92C}.Release|x86.ActiveCfg = Release|Any CPU
		{B0FEEA1C-C416-4712-A0E9-1B9157BCF92C}.Release|x86.Build.0 = Release|Any CPU
	EndGlobalSection
	GlobalSection(SolutionProperties) = preSolution
		HideSolutionNode = FALSE
	EndGlobalSection
	GlobalSection(ExtensibilityGlobals) = postSolution
		SolutionGuid = {E37685C5-8EE7-442E-8285-615BB13F5041}
	EndGlobalSection
EndGlobal
